
Microsoft Visual Studio Solution File, Format Version 12.00
# Visual Studio Version 17
VisualStudioVersion = 17.11.35312.102
MinimumVisualStudioVersion = 10.0.40219.1
Project("{FAE04EC0-301F-11D3-BF4B-00C04F79EFBC}") = "PetShop.MVC", "PetShopLayeredArch\PetShop.MVC.csproj", "{6A9ECF48-0AEB-4C69-9D33-76574840CA1F}"
EndProject
Project("{FAE04EC0-301F-11D3-BF4B-00C04F79EFBC}") = "PetShop.DAL", "PetShop.DAL\PetShop.DAL.csproj", "{AE589476-5C2C-474B-864C-F6279B5FD582}"
EndProject
Project("{FAE04EC0-301F-11D3-BF4B-00C04F79EFBC}") = "PetShop.BLL", "PetShop.BLL\PetShop.BLL.csproj", "{A0C9F03C-221E-4DE0-86AD-379B3A5C813C}"
EndProject
Global
	GlobalSection(SolutionConfigurationPlatforms) = preSolution
		Debug|Any CPU = Debug|Any CPU
		Release|Any CPU = Release|Any CPU
	EndGlobalSection
	GlobalSection(ProjectConfigurationPlatforms) = postSolution
		{6A9ECF48-0AEB-4C69-9D33-76574840CA1F}.Debug|Any CPU.ActiveCfg = Debug|Any CPU
		{6A9ECF48-0AEB-4C69-9D33-76574840CA1F}.Debug|Any CPU.Build.0 = Debug|Any CPU
		{6A9ECF48-0AEB-4C69-9D33-76574840CA1F}.Release|Any CPU.ActiveCfg = Release|Any CPU
		{6A9ECF48-0AEB-4C69-9D33-76574840CA1F}.Release|Any CPU.Build.0 = Release|Any CPU
		{AE589476-5C2C-474B-864C-F6279B5FD582}.Debug|Any CPU.ActiveCfg = Debug|Any CPU
		{AE589476-5C2C-474B-864C-F6279B5FD582}.Debug|Any CPU.Build.0 = Debug|Any CPU
		{AE589476-5C2C-474B-864C-F6279B5FD582}.Release|Any CPU.ActiveCfg = Release|Any CPU
		{AE589476-5C2C-474B-864C-F6279B5FD582}.Release|Any CPU.Build.0 = Release|Any CPU
		{A0C9F03C-221E-4DE0-86AD-379B3A5C813C}.Debug|Any CPU.ActiveCfg = Debug|Any CPU
		{A0C9F03C-221E-4DE0-86AD-379B3A5C813C}.Debug|Any CPU.Build.0 = Debug|Any CPU
		{A0C9F03C-221E-4DE0-86AD-379B3A5C813C}.Release|Any CPU.ActiveCfg = Release|Any CPU
		{A0C9F03C-221E-4DE0-86AD-379B3A5C813C}.Release|Any CPU.Build.0 = Release|Any CPU
	EndGlobalSection
	GlobalSection(SolutionProperties) = preSolution
		HideSolutionNode = FALSE
	EndGlobalSection
	GlobalSection(ExtensibilityGlobals) = postSolution
		SolutionGuid = {46DC6CE1-D426-4BB4-91E1-D4BE6D5759FA}
	EndGlobalSection
EndGlobal
